
Microsoft Visual Studio Solution File, Format Version 12.00
# Visual Studio 14
VisualStudioVersion = 14.0.23107.0
MinimumVisualStudioVersion = 10.0.40219.1
Project("{FAE04EC0-301F-11D3-BF4B-00C04F79EFBC}") = "WebAPI", "WebAPI\WebAPI.csproj", "{724428C9-3BD7-4B30-9E7F-C01018C97309}"
EndProject
Project("{FAE04EC0-301F-11D3-BF4B-00C04F79EFBC}") = "Models", "Models\Models.csproj", "{438112AE-6F1E-4375-8EEB-5BC0468362A7}"
EndProject
Global
	GlobalSection(SolutionConfigurationPlatforms) = preSolution
		Debug|Any CPU = Debug|Any CPU
		Release|Any CPU = Release|Any CPU
	EndGlobalSection
	GlobalSection(ProjectConfigurationPlatforms) = postSolution
		{724428C9-3BD7-4B30-9E7F-C01018C97309}.Debug|Any CPU.ActiveCfg = Debug|Any CPU
		{724428C9-3BD7-4B30-9E7F-C01018C97309}.Debug|Any CPU.Build.0 = Debug|Any CPU
		{724428C9-3BD7-4B30-9E7F-C01018C97309}.Release|Any CPU.ActiveCfg = Release|Any CPU
		{724428C9-3BD7-4B30-9E7F-C01018C97309}.Release|Any CPU.Build.0 = Release|Any CPU
		{438112AE-6F1E-4375-8EEB-5BC0468362A7}.Debug|Any CPU.ActiveCfg = Debug|Any CPU
		{438112AE-6F1E-4375-8EEB-5BC0468362A7}.Debug|Any CPU.Build.0 = Debug|Any CPU
		{438112AE-6F1E-4375-8EEB-5BC0468362A7}.Release|Any CPU.ActiveCfg = Release|Any CPU
		{438112AE-6F1E-4375-8EEB-5BC0468362A7}.Release|Any CPU.Build.0 = Release|Any CPU
	EndGlobalSection
	GlobalSection(SolutionProperties) = preSolution
		HideSolutionNode = FALSE
	EndGlobalSection
EndGlobal
